
Microsoft Visual Studio Solution File, Format Version 12.00
# Visual Studio 15
VisualStudioVersion = 15.0.26228.4
MinimumVisualStudioVersion = 10.0.40219.1
Project("{9A19103F-16F7-4668-BE54-9A1E7A4F7556}") = "Doggo.Discord", "src\Doggo.Discord\Doggo.Discord.csproj", "{69E2D1D1-E745-41B1-8E11-3222EDC63175}"
EndProject
Project("{9A19103F-16F7-4668-BE54-9A1E7A4F7556}") = "Doggo.Discord.Core", "src\Doggo.Discord.Core\Doggo.Discord.Core.csproj", "{821EA31B-26C3-408C-95C6-2ABF3E79A093}"
EndProject
Project("{2150E333-8FDC-42A3-9474-1A3956D46DE8}") = "modules", "modules", "{DA9CA05E-8CE3-4413-89E2-311F8C6E748A}"
EndProject
Project("{9A19103F-16F7-4668-BE54-9A1E7A4F7556}") = "Doggo.Discord.Moderation", "src\Doggo.Discord.Moderation\Doggo.Discord.Moderation.csproj", "{3B3D8F44-B4D6-415D-A110-7B14C1FB9835}"
EndProject
Project("{9A19103F-16F7-4668-BE54-9A1E7A4F7556}") = "Doggo.Discord.Events", "src\Doggo.Discord.Events\Doggo.Discord.Events.csproj", "{70E579A2-1C73-4883-8986-D1762698CDED}"
EndProject
Project("{2150E333-8FDC-42A3-9474-1A3956D46DE8}") = "external", "external", "{61093A69-2C5E-4D44-9633-44B18A1A3382}"
EndProject
Project("{FAE04EC0-301F-11D3-BF4B-00C04F79EFBC}") = "Doggo.Discord.Statistics", "src\Doggo.Discord.Statistics\Doggo.Discord.Statistics.csproj", "{89D25E00-95BF-4945-90F0-F1E629702340}"
EndProject
Project("{FAE04EC0-301F-11D3-BF4B-00C04F79EFBC}") = "Doggo.Discord.Audio", "src\Doggo.Discord.Audio\Doggo.Discord.Audio.csproj", "{DBAA347A-A0E6-4C8A-8612-E730DF84A00C}"
EndProject
Project("{FAE04EC0-301F-11D3-BF4B-00C04F79EFBC}") = "Doggo.Discord.Admin", "src\Doggo.Discord.Admin\Doggo.Discord.Admin.csproj", "{DDA9A120-EFE5-418C-9C02-B7426E4FCC98}"
EndProject
Project("{FAE04EC0-301F-11D3-BF4B-00C04F79EFBC}") = "Doggo.Discord.Roslyn", "src\Doggo.Discord.Roslyn\Doggo.Discord.Roslyn.csproj", "{AA6426EB-8561-42FD-8288-CB7B13655FDD}"
EndProject
Project("{FAE04EC0-301F-11D3-BF4B-00C04F79EFBC}") = "Doggo.Discord.Github", "src\Doggo.Discord.Github\Doggo.Discord.Github.csproj", "{9C042324-E03E-4D07-BEFF-C18B21A97992}"
EndProject
Project("{9A19103F-16F7-4668-BE54-9A1E7A4F7556}") = "Doggo.Core", "..\GynBotCore\src\GynBot.Core\Doggo.Core.csproj", "{AECE6693-C706-427F-8D5D-C2BF59EDB414}"
EndProject
Project("{9A19103F-16F7-4668-BE54-9A1E7A4F7556}") = "Doggo.Commands", "..\GynBotCommands\src\GynBot.Commands\Doggo.Commands.csproj", "{6F685DAD-B042-47DD-9522-5229B68B9A2F}"
EndProject
Global
	GlobalSection(SolutionConfigurationPlatforms) = preSolution
		Debug|Any CPU = Debug|Any CPU
		Debug|x64 = Debug|x64
		Debug|x86 = Debug|x86
		Release|Any CPU = Release|Any CPU
		Release|x64 = Release|x64
		Release|x86 = Release|x86
	EndGlobalSection
	GlobalSection(ProjectConfigurationPlatforms) = postSolution
		{69E2D1D1-E745-41B1-8E11-3222EDC63175}.Debug|Any CPU.ActiveCfg = Debug|Any CPU
		{69E2D1D1-E745-41B1-8E11-3222EDC63175}.Debug|Any CPU.Build.0 = Debug|Any CPU
		{69E2D1D1-E745-41B1-8E11-3222EDC63175}.Debug|x64.ActiveCfg = Debug|Any CPU
		{69E2D1D1-E745-41B1-8E11-3222EDC63175}.Debug|x64.Build.0 = Debug|Any CPU
		{69E2D1D1-E745-41B1-8E11-3222EDC63175}.Debug|x86.ActiveCfg = Debug|Any CPU
		{69E2D1D1-E745-41B1-8E11-3222EDC63175}.Debug|x86.Build.0 = Debug|Any CPU
		{69E2D1D1-E745-41B1-8E11-3222EDC63175}.Release|Any CPU.ActiveCfg = Release|Any CPU
		{69E2D1D1-E745-41B1-8E11-3222EDC63175}.Release|Any CPU.Build.0 = Release|Any CPU
		{69E2D1D1-E745-41B1-8E11-3222EDC63175}.Release|x64.ActiveCfg = Release|Any CPU
		{69E2D1D1-E745-41B1-8E11-3222EDC63175}.Release|x64.Build.0 = Release|Any CPU
		{69E2D1D1-E745-41B1-8E11-3222EDC63175}.Release|x86.ActiveCfg = Release|Any CPU
		{69E2D1D1-E745-41B1-8E11-3222EDC63175}.Release|x86.Build.0 = Release|Any CPU
		{821EA31B-26C3-408C-95C6-2ABF3E79A093}.Debug|Any CPU.ActiveCfg = Debug|Any CPU
		{821EA31B-26C3-408C-95C6-2ABF3E79A093}.Debug|Any CPU.Build.0 = Debug|Any CPU
		{821EA31B-26C3-408C-95C6-2ABF3E79A093}.Debug|x64.ActiveCfg = Debug|Any CPU
		{821EA31B-26C3-408C-95C6-2ABF3E79A093}.Debug|x64.Build.0 = Debug|Any CPU
		{821EA31B-26C3-408C-95C6-2ABF3E79A093}.Debug|x86.ActiveCfg = Debug|Any CPU
		{821EA31B-26C3-408C-95C6-2ABF3E79A093}.Debug|x86.Build.0 = Debug|Any CPU
		{821EA31B-26C3-408C-95C6-2ABF3E79A093}.Release|Any CPU.ActiveCfg = Release|Any CPU
		{821EA31B-26C3-408C-95C6-2ABF3E79A093}.Release|Any CPU.Build.0 = Release|Any CPU
		{821EA31B-26C3-408C-95C6-2ABF3E79A093}.Release|x64.ActiveCfg = Release|Any CPU
		{821EA31B-26C3-408C-95C6-2ABF3E79A093}.Release|x64.Build.0 = Release|Any CPU
		{821EA31B-26C3-408C-95C6-2ABF3E79A093}.Release|x86.ActiveCfg = Release|Any CPU
		{821EA31B-26C3-408C-95C6-2ABF3E79A093}.Release|x86.Build.0 = Release|Any CPU
		{3B3D8F44-B4D6-415D-A110-7B14C1FB9835}.Debug|Any CPU.ActiveCfg = Debug|Any CPU
		{3B3D8F44-B4D6-415D-A110-7B14C1FB9835}.Debug|Any CPU.Build.0 = Debug|Any CPU
		{3B3D8F44-B4D6-415D-A110-7B14C1FB9835}.Debug|x64.ActiveCfg = Debug|Any CPU
		{3B3D8F44-B4D6-415D-A110-7B14C1FB9835}.Debug|x64.Build.0 = Debug|Any CPU
		{3B3D8F44-B4D6-415D-A110-7B14C1FB9835}.Debug|x86.ActiveCfg = Debug|Any CPU
		{3B3D8F44-B4D6-415D-A110-7B14C1FB9835}.Debug|x86.Build.0 = Debug|Any CPU
		{3B3D8F44-B4D6-415D-A110-7B14C1FB9835}.Release|Any CPU.ActiveCfg = Release|Any CPU
		{3B3D8F44-B4D6-415D-A110-7B14C1FB9835}.Release|Any CPU.Build.0 = Release|Any CPU
		{3B3D8F44-B4D6-415D-A110-7B14C1FB9835}.Release|x64.ActiveCfg = Release|Any CPU
		{3B3D8F44-B4D6-415D-A110-7B14C1FB9835}.Release|x64.Build.0 = Release|Any CPU
		{3B3D8F44-B4D6-415D-A110-7B14C1FB9835}.Release|x86.ActiveCfg = Release|Any CPU
		{3B3D8F44-B4D6-415D-A110-7B14C1FB9835}.Release|x86.Build.0 = Release|Any CPU
		{70E579A2-1C73-4883-8986-D1762698CDED}.Debug|Any CPU.ActiveCfg = Debug|Any CPU
		{70E579A2-1C73-4883-8986-D1762698CDED}.Debug|Any CPU.Build.0 = Debug|Any CPU
		{70E579A2-1C73-4883-8986-D1762698CDED}.Debug|x64.ActiveCfg = Debug|Any CPU
		{70E579A2-1C73-4883-8986-D1762698CDED}.Debug|x64.Build.0 = Debug|Any CPU
		{70E579A2-1C73-4883-8986-D1762698CDED}.Debug|x86.ActiveCfg = Debug|Any CPU
		{70E579A2-1C73-4883-8986-D1762698CDED}.Debug|x86.Build.0 = Debug|Any CPU
		{70E579A2-1C73-4883-8986-D1762698CDED}.Release|Any CPU.ActiveCfg = Release|Any CPU
		{70E579A2-1C73-4883-8986-D1762698CDED}.Release|Any CPU.Build.0 = Release|Any CPU
		{70E579A2-1C73-4883-8986-D1762698CDED}.Release|x64.ActiveCfg = Release|Any CPU
		{70E579A2-1C73-4883-8986-D1762698CDED}.Release|x64.Build.0 = Release|Any CPU
		{70E579A2-1C73-4883-8986-D1762698CDED}.Release|x86.ActiveCfg = Release|Any CPU
		{70E579A2-1C73-4883-8986-D1762698CDED}.Release|x86.Build.0 = Release|Any CPU
		{89D25E00-95BF-4945-90F0-F1E629702340}.Debug|Any CPU.ActiveCfg = Debug|Any CPU
		{89D25E00-95BF-4945-90F0-F1E629702340}.Debug|Any CPU.Build.0 = Debug|Any CPU
		{89D25E00-95BF-4945-90F0-F1E629702340}.Debug|x64.ActiveCfg = Debug|Any CPU
		{89D25E00-95BF-4945-90F0-F1E629702340}.Debug|x64.Build.0 = Debug|Any CPU
		{89D25E00-95BF-4945-90F0-F1E629702340}.Debug|x86.ActiveCfg = Debug|Any CPU
		{89D25E00-95BF-4945-90F0-F1E629702340}.Debug|x86.Build.0 = Debug|Any CPU
		{89D25E00-95BF-4945-90F0-F1E629702340}.Release|Any CPU.ActiveCfg = Release|Any CPU
		{89D25E00-95BF-4945-90F0-F1E629702340}.Release|Any CPU.Build.0 = Release|Any CPU
		{89D25E00-95BF-4945-90F0-F1E629702340}.Release|x64.ActiveCfg = Release|Any CPU
		{89D25E00-95BF-4945-90F0-F1E629702340}.Release|x64.Build.0 = Release|Any CPU
		{89D25E00-95BF-4945-90F0-F1E629702340}.Release|x86.ActiveCfg = Release|Any CPU
		{89D25E00-95BF-4945-90F0-F1E629702340}.Release|x86.Build.0 = Release|Any CPU
		{DBAA347A-A0E6-4C8A-8612-E730DF84A00C}.Debug|Any CPU.ActiveCfg = Debug|Any CPU
		{DBAA347A-A0E6-4C8A-8612-E730DF84A00C}.Debug|Any CPU.Build.0 = Debug|Any CPU
		{DBAA347A-A0E6-4C8A-8612-E730DF84A00C}.Debug|x64.ActiveCfg = Debug|Any CPU
		{DBAA347A-A0E6-4C8A-8612-E730DF84A00C}.Debug|x64.Build.0 = Debug|Any CPU
		{DBAA347A-A0E6-4C8A-8612-E730DF84A00C}.Debug|x86.ActiveCfg = Debug|Any CPU
		{DBAA347A-A0E6-4C8A-8612-E730DF84A00C}.Debug|x86.Build.0 = Debug|Any CPU
		{DBAA347A-A0E6-4C8A-8612-E730DF84A00C}.Release|Any CPU.ActiveCfg = Release|Any CPU
		{DBAA347A-A0E6-4C8A-8612-E730DF84A00C}.Release|Any CPU.Build.0 = Release|Any CPU
		{DBAA347A-A0E6-4C8A-8612-E730DF84A00C}.Release|x64.ActiveCfg = Release|Any CPU
		{DBAA347A-A0E6-4C8A-8612-E730DF84A00C}.Release|x64.Build.0 = Release|Any CPU
		{DBAA347A-A0E6-4C8A-8612-E730DF84A00C}.Release|x86.ActiveCfg = Release|Any CPU
		{DBAA347A-A0E6-4C8A-8612-E730DF84A00C}.Release|x86.Build.0 = Release|Any CPU
		{DDA9A120-EFE5-418C-9C02-B7426E4FCC98}.Debug|Any CPU.ActiveCfg = Debug|Any CPU
		{DDA9A120-EFE5-418C-9C02-B7426E4FCC98}.Debug|Any CPU.Build.0 = Debug|Any CPU
		{DDA9A120-EFE5-418C-9C02-B7426E4FCC98}.Debug|x64.ActiveCfg = Debug|Any CPU
		{DDA9A120-EFE5-418C-9C02-B7426E4FCC98}.Debug|x64.Build.0 = Debug|Any CPU
		{DDA9A120-EFE5-418C-9C02-B7426E4FCC98}.Debug|x86.ActiveCfg = Debug|Any CPU
		{DDA9A120-EFE5-418C-9C02-B7426E4FCC98}.Debug|x86.Build.0 = Debug|Any CPU
		{DDA9A120-EFE5-418C-9C02-B7426E4FCC98}.Release|Any CPU.ActiveCfg = Release|Any CPU
		{DDA9A120-EFE5-418C-9C02-B7426E4FCC98}.Release|Any CPU.Build.0 = Release|Any CPU
		{DDA9A120-EFE5-418C-9C02-B7426E4FCC98}.Release|x64.ActiveCfg = Release|Any CPU
		{DDA9A120-EFE5-418C-9C02-B7426E4FCC98}.Release|x64.Build.0 = Release|Any CPU
		{DDA9A120-EFE5-418C-9C02-B7426E4FCC98}.Release|x86.ActiveCfg = Release|Any CPU
		{DDA9A120-EFE5-418C-9C02-B7426E4FCC98}.Release|x86.Build.0 = Release|Any CPU
		{AA6426EB-8561-42FD-8288-CB7B13655FDD}.Debug|Any CPU.ActiveCfg = Debug|Any CPU
		{AA6426EB-8561-42FD-8288-CB7B13655FDD}.Debug|Any CPU.Build.0 = Debug|Any CPU
		{AA6426EB-8561-42FD-8288-CB7B13655FDD}.Debug|x64.ActiveCfg = Debug|Any CPU
		{AA6426EB-8561-42FD-8288-CB7B13655FDD}.Debug|x64.Build.0 = Debug|Any CPU
		{AA6426EB-8561-42FD-8288-CB7B13655FDD}.Debug|x86.ActiveCfg = Debug|Any CPU
		{AA6426EB-8561-42FD-8288-CB7B13655FDD}.Debug|x86.Build.0 = Debug|Any CPU
		{AA6426EB-8561-42FD-8288-CB7B13655FDD}.Release|Any CPU.ActiveCfg = Release|Any CPU
		{AA6426EB-8561-42FD-8288-CB7B13655FDD}.Release|Any CPU.Build.0 = Release|Any CPU
		{AA6426EB-8561-42FD-8288-CB7B13655FDD}.Release|x64.ActiveCfg = Release|Any CPU
		{AA6426EB-8561-42FD-8288-CB7B13655FDD}.Release|x64.Build.0 = Release|Any CPU
		{AA6426EB-8561-42FD-8288-CB7B13655FDD}.Release|x86.ActiveCfg = Release|Any CPU
		{AA6426EB-8561-42FD-8288-CB7B13655FDD}.Release|x86.Build.0 = Release|Any CPU
		{9C042324-E03E-4D07-BEFF-C18B21A97992}.Debug|Any CPU.ActiveCfg = Debug|Any CPU
		{9C042324-E03E-4D07-BEFF-C18B21A97992}.Debug|Any CPU.Build.0 = Debug|Any CPU
		{9C042324-E03E-4D07-BEFF-C18B21A97992}.Debug|x64.ActiveCfg = Debug|Any CPU
		{9C042324-E03E-4D07-BEFF-C18B21A97992}.Debug|x64.Build.0 = Debug|Any CPU
		{9C042324-E03E-4D07-BEFF-C18B21A97992}.Debug|x86.ActiveCfg = Debug|Any CPU
		{9C042324-E03E-4D07-BEFF-C18B21A97992}.Debug|x86.Build.0 = Debug|Any CPU
		{9C042324-E03E-4D07-BEFF-C18B21A97992}.Release|Any CPU.ActiveCfg = Release|Any CPU
		{9C042324-E03E-4D07-BEFF-C18B21A97992}.Release|Any CPU.Build.0 = Release|Any CPU
		{9C042324-E03E-4D07-BEFF-C18B21A97992}.Release|x64.ActiveCfg = Release|Any CPU
		{9C042324-E03E-4D07-BEFF-C18B21A97992}.Release|x64.Build.0 = Release|Any CPU
		{9C042324-E03E-4D07-BEFF-C18B21A97992}.Release|x86.ActiveCfg = Release|Any CPU
		{9C042324-E03E-4D07-BEFF-C18B21A97992}.Release|x86.Build.0 = Release|Any CPU
		{AECE6693-C706-427F-8D5D-C2BF59EDB414}.Debug|Any CPU.ActiveCfg = Debug|Any CPU
		{AECE6693-C706-427F-8D5D-C2BF59EDB414}.Debug|Any CPU.Build.0 = Debug|Any CPU
		{AECE6693-C706-427F-8D5D-C2BF59EDB414}.Debug|x64.ActiveCfg = Debug|Any CPU
		{AECE6693-C706-427F-8D5D-C2BF59EDB414}.Debug|x64.Build.0 = Debug|Any CPU
		{AECE6693-C706-427F-8D5D-C2BF59EDB414}.Debug|x86.ActiveCfg = Debug|Any CPU
		{AECE6693-C706-427F-8D5D-C2BF59EDB414}.Debug|x86.Build.0 = Debug|Any CPU
		{AECE6693-C706-427F-8D5D-C2BF59EDB414}.Release|Any CPU.ActiveCfg = Release|Any CPU
		{AECE6693-C706-427F-8D5D-C2BF59EDB414}.Release|Any CPU.Build.0 = Release|Any CPU
		{AECE6693-C706-427F-8D5D-C2BF59EDB414}.Release|x64.ActiveCfg = Release|Any CPU
		{AECE6693-C706-427F-8D5D-C2BF59EDB414}.Release|x64.Build.0 = Release|Any CPU
		{AECE6693-C706-427F-8D5D-C2BF59EDB414}.Release|x86.ActiveCfg = Release|Any CPU
		{AECE6693-C706-427F-8D5D-C2BF59EDB414}.Release|x86.Build.0 = Release|Any CPU
		{6F685DAD-B042-47DD-9522-5229B68B9A2F}.Debug|Any CPU.ActiveCfg = Debug|Any CPU
		{6F685DAD-B042-47DD-9522-5229B68B9A2F}.Debug|Any CPU.Build.0 = Debug|Any CPU
		{6F685DAD-B042-47DD-9522-5229B68B9A2F}.Debug|x64.ActiveCfg = Debug|Any CPU
		{6F685DAD-B042-47DD-9522-5229B68B9A2F}.Debug|x64.Build.0 = Debug|Any CPU
		{6F685DAD-B042-47DD-9522-5229B68B9A2F}.Debug|x86.ActiveCfg = Debug|Any CPU
		{6F685DAD-B042-47DD-9522-5229B68B9A2F}.Debug|x86.Build.0 = Debug|Any CPU
		{6F685DAD-B042-47DD-9522-5229B68B9A2F}.Release|Any CPU.ActiveCfg = Release|Any CPU
		{6F685DAD-B042-47DD-9522-5229B68B9A2F}.Release|Any CPU.Build.0 = Release|Any CPU
		{6F685DAD-B042-47DD-9522-5229B68B9A2F}.Release|x64.ActiveCfg = Release|Any CPU
		{6F685DAD-B042-47DD-9522-5229B68B9A2F}.Release|x64.Build.0 = Release|Any CPU
		{6F685DAD-B042-47DD-9522-5229B68B9A2F}.Release|x86.ActiveCfg = Release|Any CPU
		{6F685DAD-B042-47DD-9522-5229B68B9A2F}.Release|x86.Build.0 = Release|Any CPU
	EndGlobalSection
	GlobalSection(SolutionProperties) = preSolution
		HideSolutionNode = FALSE
	EndGlobalSection
	GlobalSection(NestedProjects) = preSolution
		{3B3D8F44-B4D6-415D-A110-7B14C1FB9835} = {DA9CA05E-8CE3-4413-89E2-311F8C6E748A}
		{70E579A2-1C73-4883-8986-D1762698CDED} = {DA9CA05E-8CE3-4413-89E2-311F8C6E748A}
		{89D25E00-95BF-4945-90F0-F1E629702340} = {DA9CA05E-8CE3-4413-89E2-311F8C6E748A}
		{DBAA347A-A0E6-4C8A-8612-E730DF84A00C} = {DA9CA05E-8CE3-4413-89E2-311F8C6E748A}
		{DDA9A120-EFE5-418C-9C02-B7426E4FCC98} = {DA9CA05E-8CE3-4413-89E2-311F8C6E748A}
		{AA6426EB-8561-42FD-8288-CB7B13655FDD} = {DA9CA05E-8CE3-4413-89E2-311F8C6E748A}
		{9C042324-E03E-4D07-BEFF-C18B21A97992} = {DA9CA05E-8CE3-4413-89E2-311F8C6E748A}
		{AECE6693-C706-427F-8D5D-C2BF59EDB414} = {61093A69-2C5E-4D44-9633-44B18A1A3382}
		{6F685DAD-B042-47DD-9522-5229B68B9A2F} = {61093A69-2C5E-4D44-9633-44B18A1A3382}
	EndGlobalSection
EndGlobal
