
Microsoft Visual Studio Solution File, Format Version 12.00
# Visual Studio 15
VisualStudioVersion = 15.0.26228.12
MinimumVisualStudioVersion = 10.0.40219.1
Project("{9A19103F-16F7-4668-BE54-9A1E7A4F7556}") = "Siotrix.Discord", "src\Siotrix.Discord\Siotrix.Discord.csproj", "{69E2D1D1-E745-41B1-8E11-3222EDC63175}"
	ProjectSection(ProjectDependencies) = postProject
		{821EA31B-26C3-408C-95C6-2ABF3E79A093} = {821EA31B-26C3-408C-95C6-2ABF3E79A093}
	EndProjectSection
EndProject
Project("{9A19103F-16F7-4668-BE54-9A1E7A4F7556}") = "Siotrix.Discord.Core", "src\Siotrix.Discord.Core\Siotrix.Discord.Core.csproj", "{821EA31B-26C3-408C-95C6-2ABF3E79A093}"
EndProject
Project("{2150E333-8FDC-42A3-9474-1A3956D46DE8}") = "modules", "modules", "{DA9CA05E-8CE3-4413-89E2-311F8C6E748A}"
EndProject
Project("{9A19103F-16F7-4668-BE54-9A1E7A4F7556}") = "Siotrix.Discord.Moderation", "src\Siotrix.Discord.Moderation\Siotrix.Discord.Moderation.csproj", "{3B3D8F44-B4D6-415D-A110-7B14C1FB9835}"
EndProject
Project("{9A19103F-16F7-4668-BE54-9A1E7A4F7556}") = "Siotrix.Discord.Events", "src\Siotrix.Discord.Events\Siotrix.Discord.Events.csproj", "{70E579A2-1C73-4883-8986-D1762698CDED}"
EndProject
Project("{2150E333-8FDC-42A3-9474-1A3956D46DE8}") = "external", "external", "{61093A69-2C5E-4D44-9633-44B18A1A3382}"
EndProject
Project("{9A19103F-16F7-4668-BE54-9A1E7A4F7556}") = "Siotrix.Discord.Statistics", "src\Siotrix.Discord.Statistics\Siotrix.Discord.Statistics.csproj", "{89D25E00-95BF-4945-90F0-F1E629702340}"
EndProject
Project("{9A19103F-16F7-4668-BE54-9A1E7A4F7556}") = "Siotrix.Discord.Audio", "src\Siotrix.Discord.Audio\Siotrix.Discord.Audio.csproj", "{DBAA347A-A0E6-4C8A-8612-E730DF84A00C}"
EndProject
Project("{9A19103F-16F7-4668-BE54-9A1E7A4F7556}") = "Siotrix.Discord.Admin", "src\Siotrix.Discord.Admin\Siotrix.Discord.Admin.csproj", "{DDA9A120-EFE5-418C-9C02-B7426E4FCC98}"
EndProject
Project("{9A19103F-16F7-4668-BE54-9A1E7A4F7556}") = "Siotrix.Discord.Roslyn", "src\Siotrix.Discord.Roslyn\Siotrix.Discord.Roslyn.csproj", "{AA6426EB-8561-42FD-8288-CB7B13655FDD}"
EndProject
Project("{9A19103F-16F7-4668-BE54-9A1E7A4F7556}") = "Siotrix.Core", "..\SiotrixCore\src\Siotrix.Core\Siotrix.Core.csproj", "{7D9BAF6F-8F7E-4924-99A6-0DCC9D16D2C5}"
EndProject
Project("{9A19103F-16F7-4668-BE54-9A1E7A4F7556}") = "Siotrix.Discord.Developer", "src\Siotrix.Discord.Developer\Siotrix.Discord.Developer.csproj", "{B2DBD1BA-8F7C-44B5-869D-7ED5561629AC}"
EndProject
Project("{9A19103F-16F7-4668-BE54-9A1E7A4F7556}") = "Siotrix.Discord.Utility", "src\Siotrix.Discord.Utility\Siotrix.Discord.Utility.csproj", "{78D1C2E2-453E-4060-835B-8ACA042B4B4B}"
EndProject
Global
	GlobalSection(SolutionConfigurationPlatforms) = preSolution
		Debug|Any CPU = Debug|Any CPU
		Debug|x64 = Debug|x64
		Debug|x86 = Debug|x86
		Release|Any CPU = Release|Any CPU
		Release|x64 = Release|x64
		Release|x86 = Release|x86
	EndGlobalSection
	GlobalSection(ProjectConfigurationPlatforms) = postSolution
		{69E2D1D1-E745-41B1-8E11-3222EDC63175}.Debug|Any CPU.ActiveCfg = Debug|Any CPU
		{69E2D1D1-E745-41B1-8E11-3222EDC63175}.Debug|Any CPU.Build.0 = Debug|Any CPU
		{69E2D1D1-E745-41B1-8E11-3222EDC63175}.Debug|x64.ActiveCfg = Debug|Any CPU
		{69E2D1D1-E745-41B1-8E11-3222EDC63175}.Debug|x64.Build.0 = Debug|Any CPU
		{69E2D1D1-E745-41B1-8E11-3222EDC63175}.Debug|x86.ActiveCfg = Debug|Any CPU
		{69E2D1D1-E745-41B1-8E11-3222EDC63175}.Debug|x86.Build.0 = Debug|Any CPU
		{69E2D1D1-E745-41B1-8E11-3222EDC63175}.Release|Any CPU.ActiveCfg = Release|Any CPU
		{69E2D1D1-E745-41B1-8E11-3222EDC63175}.Release|Any CPU.Build.0 = Release|Any CPU
		{69E2D1D1-E745-41B1-8E11-3222EDC63175}.Release|x64.ActiveCfg = Release|Any CPU
		{69E2D1D1-E745-41B1-8E11-3222EDC63175}.Release|x64.Build.0 = Release|Any CPU
		{69E2D1D1-E745-41B1-8E11-3222EDC63175}.Release|x86.ActiveCfg = Release|Any CPU
		{69E2D1D1-E745-41B1-8E11-3222EDC63175}.Release|x86.Build.0 = Release|Any CPU
		{821EA31B-26C3-408C-95C6-2ABF3E79A093}.Debug|Any CPU.ActiveCfg = Debug|Any CPU
		{821EA31B-26C3-408C-95C6-2ABF3E79A093}.Debug|Any CPU.Build.0 = Debug|Any CPU
		{821EA31B-26C3-408C-95C6-2ABF3E79A093}.Debug|x64.ActiveCfg = Debug|Any CPU
		{821EA31B-26C3-408C-95C6-2ABF3E79A093}.Debug|x64.Build.0 = Debug|Any CPU
		{821EA31B-26C3-408C-95C6-2ABF3E79A093}.Debug|x86.ActiveCfg = Debug|Any CPU
		{821EA31B-26C3-408C-95C6-2ABF3E79A093}.Debug|x86.Build.0 = Debug|Any CPU
		{821EA31B-26C3-408C-95C6-2ABF3E79A093}.Release|Any CPU.ActiveCfg = Release|Any CPU
		{821EA31B-26C3-408C-95C6-2ABF3E79A093}.Release|Any CPU.Build.0 = Release|Any CPU
		{821EA31B-26C3-408C-95C6-2ABF3E79A093}.Release|x64.ActiveCfg = Release|Any CPU
		{821EA31B-26C3-408C-95C6-2ABF3E79A093}.Release|x64.Build.0 = Release|Any CPU
		{821EA31B-26C3-408C-95C6-2ABF3E79A093}.Release|x86.ActiveCfg = Release|Any CPU
		{821EA31B-26C3-408C-95C6-2ABF3E79A093}.Release|x86.Build.0 = Release|Any CPU
		{3B3D8F44-B4D6-415D-A110-7B14C1FB9835}.Debug|Any CPU.ActiveCfg = Debug|Any CPU
		{3B3D8F44-B4D6-415D-A110-7B14C1FB9835}.Debug|Any CPU.Build.0 = Debug|Any CPU
		{3B3D8F44-B4D6-415D-A110-7B14C1FB9835}.Debug|x64.ActiveCfg = Debug|Any CPU
		{3B3D8F44-B4D6-415D-A110-7B14C1FB9835}.Debug|x64.Build.0 = Debug|Any CPU
		{3B3D8F44-B4D6-415D-A110-7B14C1FB9835}.Debug|x86.ActiveCfg = Debug|Any CPU
		{3B3D8F44-B4D6-415D-A110-7B14C1FB9835}.Debug|x86.Build.0 = Debug|Any CPU
		{3B3D8F44-B4D6-415D-A110-7B14C1FB9835}.Release|Any CPU.ActiveCfg = Release|Any CPU
		{3B3D8F44-B4D6-415D-A110-7B14C1FB9835}.Release|Any CPU.Build.0 = Release|Any CPU
		{3B3D8F44-B4D6-415D-A110-7B14C1FB9835}.Release|x64.ActiveCfg = Release|Any CPU
		{3B3D8F44-B4D6-415D-A110-7B14C1FB9835}.Release|x64.Build.0 = Release|Any CPU
		{3B3D8F44-B4D6-415D-A110-7B14C1FB9835}.Release|x86.ActiveCfg = Release|Any CPU
		{3B3D8F44-B4D6-415D-A110-7B14C1FB9835}.Release|x86.Build.0 = Release|Any CPU
		{70E579A2-1C73-4883-8986-D1762698CDED}.Debug|Any CPU.ActiveCfg = Debug|Any CPU
		{70E579A2-1C73-4883-8986-D1762698CDED}.Debug|Any CPU.Build.0 = Debug|Any CPU
		{70E579A2-1C73-4883-8986-D1762698CDED}.Debug|x64.ActiveCfg = Debug|Any CPU
		{70E579A2-1C73-4883-8986-D1762698CDED}.Debug|x64.Build.0 = Debug|Any CPU
		{70E579A2-1C73-4883-8986-D1762698CDED}.Debug|x86.ActiveCfg = Debug|Any CPU
		{70E579A2-1C73-4883-8986-D1762698CDED}.Debug|x86.Build.0 = Debug|Any CPU
		{70E579A2-1C73-4883-8986-D1762698CDED}.Release|Any CPU.ActiveCfg = Release|Any CPU
		{70E579A2-1C73-4883-8986-D1762698CDED}.Release|Any CPU.Build.0 = Release|Any CPU
		{70E579A2-1C73-4883-8986-D1762698CDED}.Release|x64.ActiveCfg = Release|Any CPU
		{70E579A2-1C73-4883-8986-D1762698CDED}.Release|x64.Build.0 = Release|Any CPU
		{70E579A2-1C73-4883-8986-D1762698CDED}.Release|x86.ActiveCfg = Release|Any CPU
		{70E579A2-1C73-4883-8986-D1762698CDED}.Release|x86.Build.0 = Release|Any CPU
		{89D25E00-95BF-4945-90F0-F1E629702340}.Debug|Any CPU.ActiveCfg = Debug|Any CPU
		{89D25E00-95BF-4945-90F0-F1E629702340}.Debug|Any CPU.Build.0 = Debug|Any CPU
		{89D25E00-95BF-4945-90F0-F1E629702340}.Debug|x64.ActiveCfg = Debug|Any CPU
		{89D25E00-95BF-4945-90F0-F1E629702340}.Debug|x64.Build.0 = Debug|Any CPU
		{89D25E00-95BF-4945-90F0-F1E629702340}.Debug|x86.ActiveCfg = Debug|Any CPU
		{89D25E00-95BF-4945-90F0-F1E629702340}.Debug|x86.Build.0 = Debug|Any CPU
		{89D25E00-95BF-4945-90F0-F1E629702340}.Release|Any CPU.ActiveCfg = Release|Any CPU
		{89D25E00-95BF-4945-90F0-F1E629702340}.Release|Any CPU.Build.0 = Release|Any CPU
		{89D25E00-95BF-4945-90F0-F1E629702340}.Release|x64.ActiveCfg = Release|Any CPU
		{89D25E00-95BF-4945-90F0-F1E629702340}.Release|x64.Build.0 = Release|Any CPU
		{89D25E00-95BF-4945-90F0-F1E629702340}.Release|x86.ActiveCfg = Release|Any CPU
		{89D25E00-95BF-4945-90F0-F1E629702340}.Release|x86.Build.0 = Release|Any CPU
		{DBAA347A-A0E6-4C8A-8612-E730DF84A00C}.Debug|Any CPU.ActiveCfg = Debug|Any CPU
		{DBAA347A-A0E6-4C8A-8612-E730DF84A00C}.Debug|Any CPU.Build.0 = Debug|Any CPU
		{DBAA347A-A0E6-4C8A-8612-E730DF84A00C}.Debug|x64.ActiveCfg = Debug|Any CPU
		{DBAA347A-A0E6-4C8A-8612-E730DF84A00C}.Debug|x64.Build.0 = Debug|Any CPU
		{DBAA347A-A0E6-4C8A-8612-E730DF84A00C}.Debug|x86.ActiveCfg = Debug|Any CPU
		{DBAA347A-A0E6-4C8A-8612-E730DF84A00C}.Debug|x86.Build.0 = Debug|Any CPU
		{DBAA347A-A0E6-4C8A-8612-E730DF84A00C}.Release|Any CPU.ActiveCfg = Release|Any CPU
		{DBAA347A-A0E6-4C8A-8612-E730DF84A00C}.Release|Any CPU.Build.0 = Release|Any CPU
		{DBAA347A-A0E6-4C8A-8612-E730DF84A00C}.Release|x64.ActiveCfg = Release|Any CPU
		{DBAA347A-A0E6-4C8A-8612-E730DF84A00C}.Release|x64.Build.0 = Release|Any CPU
		{DBAA347A-A0E6-4C8A-8612-E730DF84A00C}.Release|x86.ActiveCfg = Release|Any CPU
		{DBAA347A-A0E6-4C8A-8612-E730DF84A00C}.Release|x86.Build.0 = Release|Any CPU
		{DDA9A120-EFE5-418C-9C02-B7426E4FCC98}.Debug|Any CPU.ActiveCfg = Debug|Any CPU
		{DDA9A120-EFE5-418C-9C02-B7426E4FCC98}.Debug|Any CPU.Build.0 = Debug|Any CPU
		{DDA9A120-EFE5-418C-9C02-B7426E4FCC98}.Debug|x64.ActiveCfg = Debug|Any CPU
		{DDA9A120-EFE5-418C-9C02-B7426E4FCC98}.Debug|x64.Build.0 = Debug|Any CPU
		{DDA9A120-EFE5-418C-9C02-B7426E4FCC98}.Debug|x86.ActiveCfg = Debug|Any CPU
		{DDA9A120-EFE5-418C-9C02-B7426E4FCC98}.Debug|x86.Build.0 = Debug|Any CPU
		{DDA9A120-EFE5-418C-9C02-B7426E4FCC98}.Release|Any CPU.ActiveCfg = Release|Any CPU
		{DDA9A120-EFE5-418C-9C02-B7426E4FCC98}.Release|Any CPU.Build.0 = Release|Any CPU
		{DDA9A120-EFE5-418C-9C02-B7426E4FCC98}.Release|x64.ActiveCfg = Release|Any CPU
		{DDA9A120-EFE5-418C-9C02-B7426E4FCC98}.Release|x64.Build.0 = Release|Any CPU
		{DDA9A120-EFE5-418C-9C02-B7426E4FCC98}.Release|x86.ActiveCfg = Release|Any CPU
		{DDA9A120-EFE5-418C-9C02-B7426E4FCC98}.Release|x86.Build.0 = Release|Any CPU
		{AA6426EB-8561-42FD-8288-CB7B13655FDD}.Debug|Any CPU.ActiveCfg = Debug|Any CPU
		{AA6426EB-8561-42FD-8288-CB7B13655FDD}.Debug|Any CPU.Build.0 = Debug|Any CPU
		{AA6426EB-8561-42FD-8288-CB7B13655FDD}.Debug|x64.ActiveCfg = Debug|Any CPU
		{AA6426EB-8561-42FD-8288-CB7B13655FDD}.Debug|x64.Build.0 = Debug|Any CPU
		{AA6426EB-8561-42FD-8288-CB7B13655FDD}.Debug|x86.ActiveCfg = Debug|Any CPU
		{AA6426EB-8561-42FD-8288-CB7B13655FDD}.Debug|x86.Build.0 = Debug|Any CPU
		{AA6426EB-8561-42FD-8288-CB7B13655FDD}.Release|Any CPU.ActiveCfg = Release|Any CPU
		{AA6426EB-8561-42FD-8288-CB7B13655FDD}.Release|Any CPU.Build.0 = Release|Any CPU
		{AA6426EB-8561-42FD-8288-CB7B13655FDD}.Release|x64.ActiveCfg = Release|Any CPU
		{AA6426EB-8561-42FD-8288-CB7B13655FDD}.Release|x64.Build.0 = Release|Any CPU
		{AA6426EB-8561-42FD-8288-CB7B13655FDD}.Release|x86.ActiveCfg = Release|Any CPU
		{AA6426EB-8561-42FD-8288-CB7B13655FDD}.Release|x86.Build.0 = Release|Any CPU
		{7D9BAF6F-8F7E-4924-99A6-0DCC9D16D2C5}.Debug|Any CPU.ActiveCfg = Debug|Any CPU
		{7D9BAF6F-8F7E-4924-99A6-0DCC9D16D2C5}.Debug|Any CPU.Build.0 = Debug|Any CPU
		{7D9BAF6F-8F7E-4924-99A6-0DCC9D16D2C5}.Debug|x64.ActiveCfg = Debug|Any CPU
		{7D9BAF6F-8F7E-4924-99A6-0DCC9D16D2C5}.Debug|x64.Build.0 = Debug|Any CPU
		{7D9BAF6F-8F7E-4924-99A6-0DCC9D16D2C5}.Debug|x86.ActiveCfg = Debug|Any CPU
		{7D9BAF6F-8F7E-4924-99A6-0DCC9D16D2C5}.Debug|x86.Build.0 = Debug|Any CPU
		{7D9BAF6F-8F7E-4924-99A6-0DCC9D16D2C5}.Release|Any CPU.ActiveCfg = Release|Any CPU
		{7D9BAF6F-8F7E-4924-99A6-0DCC9D16D2C5}.Release|Any CPU.Build.0 = Release|Any CPU
		{7D9BAF6F-8F7E-4924-99A6-0DCC9D16D2C5}.Release|x64.ActiveCfg = Release|Any CPU
		{7D9BAF6F-8F7E-4924-99A6-0DCC9D16D2C5}.Release|x64.Build.0 = Release|Any CPU
		{7D9BAF6F-8F7E-4924-99A6-0DCC9D16D2C5}.Release|x86.ActiveCfg = Release|Any CPU
		{7D9BAF6F-8F7E-4924-99A6-0DCC9D16D2C5}.Release|x86.Build.0 = Release|Any CPU
		{B2DBD1BA-8F7C-44B5-869D-7ED5561629AC}.Debug|Any CPU.ActiveCfg = Debug|Any CPU
		{B2DBD1BA-8F7C-44B5-869D-7ED5561629AC}.Debug|Any CPU.Build.0 = Debug|Any CPU
		{B2DBD1BA-8F7C-44B5-869D-7ED5561629AC}.Debug|x64.ActiveCfg = Debug|Any CPU
		{B2DBD1BA-8F7C-44B5-869D-7ED5561629AC}.Debug|x64.Build.0 = Debug|Any CPU
		{B2DBD1BA-8F7C-44B5-869D-7ED5561629AC}.Debug|x86.ActiveCfg = Debug|Any CPU
		{B2DBD1BA-8F7C-44B5-869D-7ED5561629AC}.Debug|x86.Build.0 = Debug|Any CPU
		{B2DBD1BA-8F7C-44B5-869D-7ED5561629AC}.Release|Any CPU.ActiveCfg = Release|Any CPU
		{B2DBD1BA-8F7C-44B5-869D-7ED5561629AC}.Release|Any CPU.Build.0 = Release|Any CPU
		{B2DBD1BA-8F7C-44B5-869D-7ED5561629AC}.Release|x64.ActiveCfg = Release|Any CPU
		{B2DBD1BA-8F7C-44B5-869D-7ED5561629AC}.Release|x64.Build.0 = Release|Any CPU
		{B2DBD1BA-8F7C-44B5-869D-7ED5561629AC}.Release|x86.ActiveCfg = Release|Any CPU
		{B2DBD1BA-8F7C-44B5-869D-7ED5561629AC}.Release|x86.Build.0 = Release|Any CPU
		{78D1C2E2-453E-4060-835B-8ACA042B4B4B}.Debug|Any CPU.ActiveCfg = Debug|Any CPU
		{78D1C2E2-453E-4060-835B-8ACA042B4B4B}.Debug|Any CPU.Build.0 = Debug|Any CPU
		{78D1C2E2-453E-4060-835B-8ACA042B4B4B}.Debug|x64.ActiveCfg = Debug|Any CPU
		{78D1C2E2-453E-4060-835B-8ACA042B4B4B}.Debug|x64.Build.0 = Debug|Any CPU
		{78D1C2E2-453E-4060-835B-8ACA042B4B4B}.Debug|x86.ActiveCfg = Debug|Any CPU
		{78D1C2E2-453E-4060-835B-8ACA042B4B4B}.Debug|x86.Build.0 = Debug|Any CPU
		{78D1C2E2-453E-4060-835B-8ACA042B4B4B}.Release|Any CPU.ActiveCfg = Release|Any CPU
		{78D1C2E2-453E-4060-835B-8ACA042B4B4B}.Release|Any CPU.Build.0 = Release|Any CPU
		{78D1C2E2-453E-4060-835B-8ACA042B4B4B}.Release|x64.ActiveCfg = Release|Any CPU
		{78D1C2E2-453E-4060-835B-8ACA042B4B4B}.Release|x64.Build.0 = Release|Any CPU
		{78D1C2E2-453E-4060-835B-8ACA042B4B4B}.Release|x86.ActiveCfg = Release|Any CPU
		{78D1C2E2-453E-4060-835B-8ACA042B4B4B}.Release|x86.Build.0 = Release|Any CPU
	EndGlobalSection
	GlobalSection(SolutionProperties) = preSolution
		HideSolutionNode = FALSE
	EndGlobalSection
	GlobalSection(NestedProjects) = preSolution
		{821EA31B-26C3-408C-95C6-2ABF3E79A093} = {61093A69-2C5E-4D44-9633-44B18A1A3382}
		{3B3D8F44-B4D6-415D-A110-7B14C1FB9835} = {DA9CA05E-8CE3-4413-89E2-311F8C6E748A}
		{70E579A2-1C73-4883-8986-D1762698CDED} = {DA9CA05E-8CE3-4413-89E2-311F8C6E748A}
		{89D25E00-95BF-4945-90F0-F1E629702340} = {DA9CA05E-8CE3-4413-89E2-311F8C6E748A}
		{DBAA347A-A0E6-4C8A-8612-E730DF84A00C} = {DA9CA05E-8CE3-4413-89E2-311F8C6E748A}
		{DDA9A120-EFE5-418C-9C02-B7426E4FCC98} = {DA9CA05E-8CE3-4413-89E2-311F8C6E748A}
		{AA6426EB-8561-42FD-8288-CB7B13655FDD} = {DA9CA05E-8CE3-4413-89E2-311F8C6E748A}
		{7D9BAF6F-8F7E-4924-99A6-0DCC9D16D2C5} = {61093A69-2C5E-4D44-9633-44B18A1A3382}
		{B2DBD1BA-8F7C-44B5-869D-7ED5561629AC} = {DA9CA05E-8CE3-4413-89E2-311F8C6E748A}
		{78D1C2E2-453E-4060-835B-8ACA042B4B4B} = {DA9CA05E-8CE3-4413-89E2-311F8C6E748A}
	EndGlobalSection
EndGlobal
